uuid: fc3b8f94-b773-4cb2-a49b-74656691a184
langcode: en
status: true
dependencies:
  content:
    - 'block_content:basic:10d71864-9252-4f71-86a6-623e71e4e5ee'
  module:
    - block_content
    - system
  theme:
    - bartik
id: textblock
theme: bartik
region: sidebar_first
weight: 0
provider: null
plugin: 'block_content:10d71864-9252-4f71-86a6-623e71e4e5ee'
settings:
  id: 'block_content:10d71864-9252-4f71-86a6-623e71e4e5ee'
  label: 'Text Block'
  label_display: visible
  provider: block_content
  status: true
  info: ''
  view_mode: full
visibility:
  request_path:
    id: request_path
    negate: false
    pages: '<front>'
