uuid: dac0c2bd-9909-4c17-8df5-a4e928b31e97
langcode: en
status: false
dependencies:
  module:
    - context
    - ex81
  theme:
    - custom_theme
id: custom_theme_filternewsblock
theme: custom_theme
region: sidebar_second
weight: 0
provider: null
plugin: ex81_news_block_block
settings:
  id: ex81_news_block_block
  label: 'Filter news block'
  label_display: visible
  provider: ex81
visibility:
  user_status:
    id: user_status
    negate: false
    context_mapping:
      user: '@user.current_user_context:current_user'
    user_status:
      viewing_profile: '0'
      logged_viewing_profile: '0'
      own_page_true: '0'
      field_value: '0'
    user_fields: uid
  context_all:
    id: context_all
    negate: null
    values: ''
  context:
    id: context
    negate: null
    values: ''
