uuid: d7ee0534-b32e-430e-8d3c-21d1f86c0776
langcode: en
status: true
dependencies:
  module:
    - context
    - ex81
  theme:
    - custom_theme
id: switchthemeblock
theme: custom_theme
region: sidebar_second
weight: -8
provider: null
plugin: ex81_switch_theme_block
settings:
  id: ex81_switch_theme_block
  label: 'Switch theme block'
  label_display: visible
  provider: ex81
visibility:
  user_status:
    id: user_status
    negate: false
    context_mapping:
      user: '@user.current_user_context:current_user'
    user_status:
      viewing_profile: '0'
      logged_viewing_profile: '0'
      own_page_true: '0'
      field_value: '0'
    user_fields: uid
  context_all:
    id: context_all
    negate: null
    values: ''
  context:
    id: context
    negate: null
    values: ''
